
Microsoft Visual Studio Solution File, Format Version 12.00
# Visual Studio Version 16
VisualStudioVersion = 16.0.31605.320
MinimumVisualStudioVersion = 10.0.40219.1
Project("{9A19103F-16F7-4668-BE54-9A1E7A4F7556}") = "Blazor.ExtraDry.Analyzers", "Blazor.ExtraDry.Analyzers\Blazor.ExtraDry.Analyzers\Blazor.ExtraDry.Analyzers.csproj", "{FEC63B16-F6C6-470B-8573-E4B355A58A6F}"
EndProject
Project("{9A19103F-16F7-4668-BE54-9A1E7A4F7556}") = "Blazor.ExtraDry.Analyzers.CodeFixes", "Blazor.ExtraDry.Analyzers\Blazor.ExtraDry.Analyzers.CodeFixes\Blazor.ExtraDry.Analyzers.CodeFixes.csproj", "{CD769BF8-2F74-4138-871C-E3ACEC0AE32E}"
EndProject
Project("{9A19103F-16F7-4668-BE54-9A1E7A4F7556}") = "Blazor.ExtraDry.Analyzers.Package", "Blazor.ExtraDry.Analyzers\Blazor.ExtraDry.Analyzers.Package\Blazor.ExtraDry.Analyzers.Package.csproj", "{4430645B-44BF-4D97-87BD-35B028F87407}"
EndProject
Project("{9A19103F-16F7-4668-BE54-9A1E7A4F7556}") = "Blazor.ExtraDry.Analyzers.Test", "Blazor.ExtraDry.Analyzers\Blazor.ExtraDry.Analyzers.Test\Blazor.ExtraDry.Analyzers.Test.csproj", "{1AD58262-06A2-4D93-B64D-2565C441FCF1}"
EndProject
Project("{9A19103F-16F7-4668-BE54-9A1E7A4F7556}") = "Blazor.ExtraDry.Analyzers.Vsix", "Blazor.ExtraDry.Analyzers\Blazor.ExtraDry.Analyzers.Vsix\Blazor.ExtraDry.Analyzers.Vsix.csproj", "{86E19396-3DB4-41BB-B201-316612BB1380}"
EndProject
Project("{2150E333-8FDC-42A3-9474-1A3956D46DE8}") = "Solution Items", "Solution Items", "{99BCEE1F-95E9-4C6F-AD87-A1D4ABA3589C}"
	ProjectSection(SolutionItems) = preProject
		.editorconfig = .editorconfig
		.gitignore = .gitignore
		azure-pipelines.yml = azure-pipelines.yml
		LICENSE = LICENSE
		Blazor.ExtraDry.Analyzers\publish-local.ps1 = Blazor.ExtraDry.Analyzers\publish-local.ps1
		README.md = README.md
	EndProjectSection
EndProject
Global
	GlobalSection(SolutionConfigurationPlatforms) = preSolution
		Debug|Any CPU = Debug|Any CPU
		Release|Any CPU = Release|Any CPU
	EndGlobalSection
	GlobalSection(ProjectConfigurationPlatforms) = postSolution
		{FEC63B16-F6C6-470B-8573-E4B355A58A6F}.Debug|Any CPU.ActiveCfg = Debug|Any CPU
		{FEC63B16-F6C6-470B-8573-E4B355A58A6F}.Debug|Any CPU.Build.0 = Debug|Any CPU
		{FEC63B16-F6C6-470B-8573-E4B355A58A6F}.Release|Any CPU.ActiveCfg = Release|Any CPU
		{FEC63B16-F6C6-470B-8573-E4B355A58A6F}.Release|Any CPU.Build.0 = Release|Any CPU
		{CD769BF8-2F74-4138-871C-E3ACEC0AE32E}.Debug|Any CPU.ActiveCfg = Debug|Any CPU
		{CD769BF8-2F74-4138-871C-E3ACEC0AE32E}.Debug|Any CPU.Build.0 = Debug|Any CPU
		{CD769BF8-2F74-4138-871C-E3ACEC0AE32E}.Release|Any CPU.ActiveCfg = Release|Any CPU
		{CD769BF8-2F74-4138-871C-E3ACEC0AE32E}.Release|Any CPU.Build.0 = Release|Any CPU
		{4430645B-44BF-4D97-87BD-35B028F87407}.Debug|Any CPU.ActiveCfg = Debug|Any CPU
		{4430645B-44BF-4D97-87BD-35B028F87407}.Debug|Any CPU.Build.0 = Debug|Any CPU
		{4430645B-44BF-4D97-87BD-35B028F87407}.Release|Any CPU.ActiveCfg = Release|Any CPU
		{4430645B-44BF-4D97-87BD-35B028F87407}.Release|Any CPU.Build.0 = Release|Any CPU
		{1AD58262-06A2-4D93-B64D-2565C441FCF1}.Debug|Any CPU.ActiveCfg = Debug|Any CPU
		{1AD58262-06A2-4D93-B64D-2565C441FCF1}.Debug|Any CPU.Build.0 = Debug|Any CPU
		{1AD58262-06A2-4D93-B64D-2565C441FCF1}.Release|Any CPU.ActiveCfg = Release|Any CPU
		{1AD58262-06A2-4D93-B64D-2565C441FCF1}.Release|Any CPU.Build.0 = Release|Any CPU
		{86E19396-3DB4-41BB-B201-316612BB1380}.Debug|Any CPU.ActiveCfg = Debug|Any CPU
		{86E19396-3DB4-41BB-B201-316612BB1380}.Debug|Any CPU.Build.0 = Debug|Any CPU
		{86E19396-3DB4-41BB-B201-316612BB1380}.Release|Any CPU.ActiveCfg = Release|Any CPU
		{86E19396-3DB4-41BB-B201-316612BB1380}.Release|Any CPU.Build.0 = Release|Any CPU
	EndGlobalSection
	GlobalSection(SolutionProperties) = preSolution
		HideSolutionNode = FALSE
	EndGlobalSection
	GlobalSection(ExtensibilityGlobals) = postSolution
		SolutionGuid = {736A9B9D-0648-4D29-B2E2-803D5C4EA6E9}
	EndGlobalSection
EndGlobal
