
Microsoft Visual Studio Solution File, Format Version 12.00
# Visual Studio Version 16
VisualStudioVersion = 16.0.31605.320
MinimumVisualStudioVersion = 10.0.40219.1
Project("{2150E333-8FDC-42A3-9474-1A3956D46DE8}") = "Solution Items", "Solution Items", "{99BCEE1F-95E9-4C6F-AD87-A1D4ABA3589C}"
	ProjectSection(SolutionItems) = preProject
		.editorconfig = .editorconfig
		.gitignore = .gitignore
		azure-pipelines.yml = azure-pipelines.yml
		extra-dry-logo.png = extra-dry-logo.png
		LICENSE = LICENSE
		publish-local.ps1 = publish-local.ps1
		README.md = README.md
	EndProjectSection
EndProject
Project("{9A19103F-16F7-4668-BE54-9A1E7A4F7556}") = "ExtraDry.Analyzers", "ExtraDry.Analyzers\ExtraDry.Analyzers\ExtraDry.Analyzers.csproj", "{EDF05794-70D5-4A5F-B6DD-318500BFB36C}"
EndProject
Project("{9A19103F-16F7-4668-BE54-9A1E7A4F7556}") = "ExtraDry.Analyzers.CodeFixes", "ExtraDry.Analyzers\ExtraDry.Analyzers.CodeFixes\ExtraDry.Analyzers.CodeFixes.csproj", "{5FE877DE-BFEC-429A-8651-886AA626B1D2}"
EndProject
Project("{9A19103F-16F7-4668-BE54-9A1E7A4F7556}") = "ExtraDry.Analyzers.Test", "ExtraDry.Analyzers\ExtraDry.Analyzers.Test\ExtraDry.Analyzers.Test.csproj", "{26AC8C4F-8E96-482B-98E1-50C1A6CA38D3}"
EndProject
Project("{9A19103F-16F7-4668-BE54-9A1E7A4F7556}") = "ExtraDry.Analyzers.Package", "ExtraDry.Analyzers\ExtraDry.Analyzers.Package\ExtraDry.Analyzers.Package.csproj", "{E2234C14-C34D-4C14-A52F-2F42E2749286}"
EndProject
Project("{9A19103F-16F7-4668-BE54-9A1E7A4F7556}") = "ExtraDry.Analyzers.Vsix", "ExtraDry.Analyzers\ExtraDry.Analyzers.Vsix\ExtraDry.Analyzers.Vsix.csproj", "{E69F58E1-4389-4FBD-BF47-8909083D09D3}"
EndProject
Global
	GlobalSection(SolutionConfigurationPlatforms) = preSolution
		Debug|Any CPU = Debug|Any CPU
		Release|Any CPU = Release|Any CPU
	EndGlobalSection
	GlobalSection(ProjectConfigurationPlatforms) = postSolution
		{EDF05794-70D5-4A5F-B6DD-318500BFB36C}.Debug|Any CPU.ActiveCfg = Debug|Any CPU
		{EDF05794-70D5-4A5F-B6DD-318500BFB36C}.Debug|Any CPU.Build.0 = Debug|Any CPU
		{EDF05794-70D5-4A5F-B6DD-318500BFB36C}.Release|Any CPU.ActiveCfg = Release|Any CPU
		{EDF05794-70D5-4A5F-B6DD-318500BFB36C}.Release|Any CPU.Build.0 = Release|Any CPU
		{5FE877DE-BFEC-429A-8651-886AA626B1D2}.Debug|Any CPU.ActiveCfg = Debug|Any CPU
		{5FE877DE-BFEC-429A-8651-886AA626B1D2}.Debug|Any CPU.Build.0 = Debug|Any CPU
		{5FE877DE-BFEC-429A-8651-886AA626B1D2}.Release|Any CPU.ActiveCfg = Release|Any CPU
		{5FE877DE-BFEC-429A-8651-886AA626B1D2}.Release|Any CPU.Build.0 = Release|Any CPU
		{26AC8C4F-8E96-482B-98E1-50C1A6CA38D3}.Debug|Any CPU.ActiveCfg = Debug|Any CPU
		{26AC8C4F-8E96-482B-98E1-50C1A6CA38D3}.Debug|Any CPU.Build.0 = Debug|Any CPU
		{26AC8C4F-8E96-482B-98E1-50C1A6CA38D3}.Release|Any CPU.ActiveCfg = Release|Any CPU
		{26AC8C4F-8E96-482B-98E1-50C1A6CA38D3}.Release|Any CPU.Build.0 = Release|Any CPU
		{E2234C14-C34D-4C14-A52F-2F42E2749286}.Debug|Any CPU.ActiveCfg = Debug|Any CPU
		{E2234C14-C34D-4C14-A52F-2F42E2749286}.Debug|Any CPU.Build.0 = Debug|Any CPU
		{E2234C14-C34D-4C14-A52F-2F42E2749286}.Release|Any CPU.ActiveCfg = Release|Any CPU
		{E2234C14-C34D-4C14-A52F-2F42E2749286}.Release|Any CPU.Build.0 = Release|Any CPU
		{E69F58E1-4389-4FBD-BF47-8909083D09D3}.Debug|Any CPU.ActiveCfg = Debug|Any CPU
		{E69F58E1-4389-4FBD-BF47-8909083D09D3}.Debug|Any CPU.Build.0 = Debug|Any CPU
		{E69F58E1-4389-4FBD-BF47-8909083D09D3}.Release|Any CPU.ActiveCfg = Release|Any CPU
		{E69F58E1-4389-4FBD-BF47-8909083D09D3}.Release|Any CPU.Build.0 = Release|Any CPU
	EndGlobalSection
	GlobalSection(SolutionProperties) = preSolution
		HideSolutionNode = FALSE
	EndGlobalSection
	GlobalSection(ExtensibilityGlobals) = postSolution
		SolutionGuid = {736A9B9D-0648-4D29-B2E2-803D5C4EA6E9}
	EndGlobalSection
EndGlobal
